// !$*UTF8*$!
{
	archiveVersion = 1;
	classes = {
	};
	objectVersion = 46;
	objects = {

/* Begin PBXBuildFile section */
		AD6FE5251623412200202904 /* DPPARCCompatibility.h in Headers */ = {isa = PBXBuildFile; fileRef = AD6FE5241623412200202904 /* DPPARCCompatibility.h */; };
		ADAF159A1623394500EA4602 /* Foundation.framework in Frameworks */ = {isa = PBXBuildFile; fileRef = ADAF15991623394500EA4602 /* Foundation.framework */; };
		ADAF15A01623394500EA4602 /* InfoPlist.strings in Resources */ = {isa = PBXBuildFile; fileRef = ADAF159E1623394500EA4602 /* InfoPlist.strings */; };
		ADAF15BE1623396600EA4602 /* Base64Lookup.h in Headers */ = {isa = PBXBuildFile; fileRef = ADAF15A81623396600EA4602 /* Base64Lookup.h */; };
		ADAF15C21623396600EA4602 /* DPPHTTPRequest.h in Headers */ = {isa = PBXBuildFile; fileRef = ADAF15AC1623396600EA4602 /* DPPHTTPRequest.h */; };
		ADAF15C31623396600EA4602 /* DPPHTTPRequest.m in Sources */ = {isa = PBXBuildFile; fileRef = ADAF15AD1623396600EA4602 /* DPPHTTPRequest.m */; };
		ADAF15C41623396600EA4602 /* DPPHTTPResponse+jsonResponse.h in Headers */ = {isa = PBXBuildFile; fileRef = ADAF15AE1623396600EA4602 /* DPPHTTPResponse+jsonResponse.h */; };
		ADAF15C51623396600EA4602 /* DPPHTTPResponse+jsonResponse.m in Sources */ = {isa = PBXBuildFile; fileRef = ADAF15AF1623396600EA4602 /* DPPHTTPResponse+jsonResponse.m */; };
		ADAF15C61623396600EA4602 /* DPPHTTPResponse.h in Headers */ = {isa = PBXBuildFile; fileRef = ADAF15B01623396600EA4602 /* DPPHTTPResponse.h */; };
		ADAF15C71623396600EA4602 /* DPPHTTPResponse.m in Sources */ = {isa = PBXBuildFile; fileRef = ADAF15B11623396600EA4602 /* DPPHTTPResponse.m */; };
		ADAF15C81623396600EA4602 /* DPPStreamBuffer.h in Headers */ = {isa = PBXBuildFile; fileRef = ADAF15B21623396600EA4602 /* DPPStreamBuffer.h */; };
		ADAF15C91623396600EA4602 /* DPPStreamBuffer.m in Sources */ = {isa = PBXBuildFile; fileRef = ADAF15B31623396600EA4602 /* DPPStreamBuffer.m */; };
		ADAF15CC1623396600EA4602 /* NSData+Base64.h in Headers */ = {isa = PBXBuildFile; fileRef = ADAF15B61623396600EA4602 /* NSData+Base64.h */; };
		ADAF15CD1623396600EA4602 /* NSData+Base64.m in Sources */ = {isa = PBXBuildFile; fileRef = ADAF15B71623396600EA4602 /* NSData+Base64.m */; };
		ADAF15CE1623396600EA4602 /* NSDate+RFC822Format.h in Headers */ = {isa = PBXBuildFile; fileRef = ADAF15B81623396600EA4602 /* NSDate+RFC822Format.h */; };
		ADAF15CF1623396600EA4602 /* NSDate+RFC822Format.m in Sources */ = {isa = PBXBuildFile; fileRef = ADAF15B91623396600EA4602 /* NSDate+RFC822Format.m */; };
		ADAF15D01623396600EA4602 /* NSString+Base64.h in Headers */ = {isa = PBXBuildFile; fileRef = ADAF15BA1623396600EA4602 /* NSString+Base64.h */; };
		ADAF15D11623396600EA4602 /* NSString+Base64.m in Sources */ = {isa = PBXBuildFile; fileRef = ADAF15BB1623396600EA4602 /* NSString+Base64.m */; };
		ADAF15D21623396600EA4602 /* NSString+URLEncoding.h in Headers */ = {isa = PBXBuildFile; fileRef = ADAF15BC1623396600EA4602 /* NSString+URLEncoding.h */; };
		ADAF15D31623396600EA4602 /* NSString+URLEncoding.m in Sources */ = {isa = PBXBuildFile; fileRef = ADAF15BD1623396600EA4602 /* NSString+URLEncoding.m */; };
		ADAF15D71623399600EA4602 /* DPPApplicationModel.h in Headers */ = {isa = PBXBuildFile; fileRef = ADAF15D51623399600EA4602 /* DPPApplicationModel.h */; };
		ADAF15D81623399600EA4602 /* DPPApplicationModel.m in Sources */ = {isa = PBXBuildFile; fileRef = ADAF15D61623399600EA4602 /* DPPApplicationModel.m */; };
		ADCDA60E1730F86C0055D5E3 /* DPPUIViewCamera3D.h in Headers */ = {isa = PBXBuildFile; fileRef = ADCDA60C1730F86C0055D5E3 /* DPPUIViewCamera3D.h */; };
		ADCDA60F1730F86C0055D5E3 /* DPPUIViewCamera3D.m in Sources */ = {isa = PBXBuildFile; fileRef = ADCDA60D1730F86C0055D5E3 /* DPPUIViewCamera3D.m */; };
		ADCDA612173104390055D5E3 /* DPPUIViewWorld3D.h in Headers */ = {isa = PBXBuildFile; fileRef = ADCDA610173104390055D5E3 /* DPPUIViewWorld3D.h */; };
		ADCDA613173104390055D5E3 /* DPPUIViewWorld3D.m in Sources */ = {isa = PBXBuildFile; fileRef = ADCDA611173104390055D5E3 /* DPPUIViewWorld3D.m */; };
		ADCDA616173107E30055D5E3 /* DPPQuadTree3D.h in Headers */ = {isa = PBXBuildFile; fileRef = ADCDA614173107E30055D5E3 /* DPPQuadTree3D.h */; };
		ADCDA617173107E30055D5E3 /* DPPQuadTree3D.m in Sources */ = {isa = PBXBuildFile; fileRef = ADCDA615173107E30055D5E3 /* DPPQuadTree3D.m */; };
		ADCDA6191731082B0055D5E3 /* DPP3D.h in Headers */ = {isa = PBXBuildFile; fileRef = ADCDA6181731082B0055D5E3 /* DPP3D.h */; };
		ADD68A25172A8ABF00562481 /* WeakReference.h in Headers */ = {isa = PBXBuildFile; fileRef = ADD68A23172A8ABF00562481 /* WeakReference.h */; };
		ADD68A26172A8ABF00562481 /* WeakReference.m in Sources */ = {isa = PBXBuildFile; fileRef = ADD68A24172A8ABF00562481 /* WeakReference.m */; };
		ADD68A29172A8CE800562481 /* DPPManagedObjectJSONMapper.h in Headers */ = {isa = PBXBuildFile; fileRef = ADD68A27172A8CE800562481 /* DPPManagedObjectJSONMapper.h */; };
		ADD68A2A172A8CE800562481 /* DPPManagedObjectJSONMapper.m in Sources */ = {isa = PBXBuildFile; fileRef = ADD68A28172A8CE800562481 /* DPPManagedObjectJSONMapper.m */; };
/* End PBXBuildFile section */

/* Begin PBXFileReference section */
		AD6FE5241623412200202904 /* DPPARCCompatibility.h */ = {isa = PBXFileReference; fileEncoding = 4; lastKnownFileType = sourcecode.c.h; path = DPPARCCompatibility.h; sourceTree = "<group>"; };
		ADAF15991623394500EA4602 /* Foundation.framework */ = {isa = PBXFileReference; lastKnownFileType = wrapper.framework; name = Foundation.framework; path = System/Library/Frameworks/Foundation.framework; sourceTree = SDKROOT; };
		ADAF159D1623394500EA4602 /* DPPConnectedApp-Info.plist */ = {isa = PBXFileReference; lastKnownFileType = text.plist.xml; path = "DPPConnectedApp-Info.plist"; sourceTree = "<group>"; };
		ADAF159F1623394500EA4602 /* en */ = {isa = PBXFileReference; lastKnownFileType = text.plist.strings; name = en; path = en.lproj/InfoPlist.strings; sourceTree = "<group>"; };
		ADAF15A11623394500EA4602 /* DPPConnectedApp-Prefix.pch */ = {isa = PBXFileReference; lastKnownFileType = sourcecode.c.h; path = "DPPConnectedApp-Prefix.pch"; sourceTree = "<group>"; };
		ADAF15A81623396600EA4602 /* Base64Lookup.h */ = {isa = PBXFileReference; fileEncoding = 4; lastKnownFileType = sourcecode.c.h; path = Base64Lookup.h; sourceTree = "<group>"; };
		ADAF15AC1623396600EA4602 /* DPPHTTPRequest.h */ = {isa = PBXFileReference; fileEncoding = 4; lastKnownFileType = sourcecode.c.h; path = DPPHTTPRequest.h; sourceTree = "<group>"; };
		ADAF15AD1623396600EA4602 /* DPPHTTPRequest.m */ = {isa = PBXFileReference; fileEncoding = 4; lastKnownFileType = sourcecode.c.objc; path = DPPHTTPRequest.m; sourceTree = "<group>"; };
		ADAF15AE1623396600EA4602 /* DPPHTTPResponse+jsonResponse.h */ = {isa = PBXFileReference; fileEncoding = 4; lastKnownFileType = sourcecode.c.h; path = "DPPHTTPResponse+jsonResponse.h"; sourceTree = "<group>"; };
		ADAF15AF1623396600EA4602 /* DPPHTTPResponse+jsonResponse.m */ = {isa = PBXFileReference; fileEncoding = 4; lastKnownFileType = sourcecode.c.objc; path = "DPPHTTPResponse+jsonResponse.m"; sourceTree = "<group>"; };
		ADAF15B01623396600EA4602 /* DPPHTTPResponse.h */ = {isa = PBXFileReference; fileEncoding = 4; lastKnownFileType = sourcecode.c.h; path = DPPHTTPResponse.h; sourceTree = "<group>"; };
		ADAF15B11623396600EA4602 /* DPPHTTPResponse.m */ = {isa = PBXFileReference; fileEncoding = 4; lastKnownFileType = sourcecode.c.objc; path = DPPHTTPResponse.m; sourceTree = "<group>"; };
		ADAF15B21623396600EA4602 /* DPPStreamBuffer.h */ = {isa = PBXFileReference; fileEncoding = 4; lastKnownFileType = sourcecode.c.h; path = DPPStreamBuffer.h; sourceTree = "<group>"; };
		ADAF15B31623396600EA4602 /* DPPStreamBuffer.m */ = {isa = PBXFileReference; fileEncoding = 4; lastKnownFileType = sourcecode.c.objc; path = DPPStreamBuffer.m; sourceTree = "<group>"; };
		ADAF15B61623396600EA4602 /* NSData+Base64.h */ = {isa = PBXFileReference; fileEncoding = 4; lastKnownFileType = sourcecode.c.h; path = "NSData+Base64.h"; sourceTree = "<group>"; };
		ADAF15B71623396600EA4602 /* NSData+Base64.m */ = {isa = PBXFileReference; fileEncoding = 4; lastKnownFileType = sourcecode.c.objc; path = "NSData+Base64.m"; sourceTree = "<group>"; };
		ADAF15B81623396600EA4602 /* NSDate+RFC822Format.h */ = {isa = PBXFileReference; fileEncoding = 4; lastKnownFileType = sourcecode.c.h; path = "NSDate+RFC822Format.h"; sourceTree = "<group>"; };
		ADAF15B91623396600EA4602 /* NSDate+RFC822Format.m */ = {isa = PBXFileReference; fileEncoding = 4; lastKnownFileType = sourcecode.c.objc; path = "NSDate+RFC822Format.m"; sourceTree = "<group>"; };
		ADAF15BA1623396600EA4602 /* NSString+Base64.h */ = {isa = PBXFileReference; fileEncoding = 4; lastKnownFileType = sourcecode.c.h; path = "NSString+Base64.h"; sourceTree = "<group>"; };
		ADAF15BB1623396600EA4602 /* NSString+Base64.m */ = {isa = PBXFileReference; fileEncoding = 4; lastKnownFileType = sourcecode.c.objc; path = "NSString+Base64.m"; sourceTree = "<group>"; };
		ADAF15BC1623396600EA4602 /* NSString+URLEncoding.h */ = {isa = PBXFileReference; fileEncoding = 4; lastKnownFileType = sourcecode.c.h; path = "NSString+URLEncoding.h"; sourceTree = "<group>"; };
		ADAF15BD1623396600EA4602 /* NSString+URLEncoding.m */ = {isa = PBXFileReference; fileEncoding = 4; lastKnownFileType = sourcecode.c.objc; path = "NSString+URLEncoding.m"; sourceTree = "<group>"; };
		ADAF15D51623399600EA4602 /* DPPApplicationModel.h */ = {isa = PBXFileReference; fileEncoding = 4; lastKnownFileType = sourcecode.c.h; path = DPPApplicationModel.h; sourceTree = "<group>"; };
		ADAF15D61623399600EA4602 /* DPPApplicationModel.m */ = {isa = PBXFileReference; fileEncoding = 4; lastKnownFileType = sourcecode.c.objc; path = DPPApplicationModel.m; sourceTree = "<group>"; };
		ADCDA60C1730F86C0055D5E3 /* DPPUIViewCamera3D.h */ = {isa = PBXFileReference; fileEncoding = 4; lastKnownFileType = sourcecode.c.h; name = DPPUIViewCamera3D.h; path = ../../Views/DPPUIViewCamera3D.h; sourceTree = "<group>"; };
		ADCDA60D1730F86C0055D5E3 /* DPPUIViewCamera3D.m */ = {isa = PBXFileReference; fileEncoding = 4; lastKnownFileType = sourcecode.c.objc; name = DPPUIViewCamera3D.m; path = ../../Views/DPPUIViewCamera3D.m; sourceTree = "<group>"; };
		ADCDA610173104390055D5E3 /* DPPUIViewWorld3D.h */ = {isa = PBXFileReference; fileEncoding = 4; lastKnownFileType = sourcecode.c.h; name = DPPUIViewWorld3D.h; path = ../../Views/DPPUIViewWorld3D.h; sourceTree = "<group>"; };
		ADCDA611173104390055D5E3 /* DPPUIViewWorld3D.m */ = {isa = PBXFileReference; fileEncoding = 4; lastKnownFileType = sourcecode.c.objc; name = DPPUIViewWorld3D.m; path = ../../Views/DPPUIViewWorld3D.m; sourceTree = "<group>"; };
		ADCDA614173107E30055D5E3 /* DPPQuadTree3D.h */ = {isa = PBXFileReference; fileEncoding = 4; lastKnownFileType = sourcecode.c.h; name = DPPQuadTree3D.h; path = ../../Views/DPPQuadTree3D.h; sourceTree = "<group>"; };
		ADCDA615173107E30055D5E3 /* DPPQuadTree3D.m */ = {isa = PBXFileReference; fileEncoding = 4; lastKnownFileType = sourcecode.c.objc; name = DPPQuadTree3D.m; path = ../../Views/DPPQuadTree3D.m; sourceTree = "<group>"; };
		ADCDA6181731082B0055D5E3 /* DPP3D.h */ = {isa = PBXFileReference; fileEncoding = 4; lastKnownFileType = sourcecode.c.h; name = DPP3D.h; path = ../../Views/DPP3D.h; sourceTree = "<group>"; };
		ADD68A23172A8ABF00562481 /* WeakReference.h */ = {isa = PBXFileReference; fileEncoding = 4; lastKnownFileType = sourcecode.c.h; name = WeakReference.h; path = ../../Utilitys/WeakReference.h; sourceTree = "<group>"; };
		ADD68A24172A8ABF00562481 /* WeakReference.m */ = {isa = PBXFileReference; fileEncoding = 4; lastKnownFileType = sourcecode.c.objc; name = WeakReference.m; path = ../../Utilitys/WeakReference.m; sourceTree = "<group>"; };
		ADD68A27172A8CE800562481 /* DPPManagedObjectJSONMapper.h */ = {isa = PBXFileReference; fileEncoding = 4; lastKnownFileType = sourcecode.c.h; path = DPPManagedObjectJSONMapper.h; sourceTree = "<group>"; };
		ADD68A28172A8CE800562481 /* DPPManagedObjectJSONMapper.m */ = {isa = PBXFileReference; fileEncoding = 4; lastKnownFileType = sourcecode.c.objc; path = DPPManagedObjectJSONMapper.m; sourceTree = "<group>"; };
/* End PBXFileReference section */

/* Begin PBXFrameworksBuildPhase section */
		ADAF15921623394500EA4602 /* Frameworks */ = {
			isa = PBXFrameworksBuildPhase;
			buildActionMask = 2147483647;
			files = (
				ADAF159A1623394500EA4602 /* Foundation.framework in Frameworks */,
			);
			runOnlyForDeploymentPostprocessing = 0;
		};
/* End PBXFrameworksBuildPhase section */

/* Begin PBXGroup section */
		AD6FE5231623412200202904 /* Macros */ = {
			isa = PBXGroup;
			children = (
				AD6FE5241623412200202904 /* DPPARCCompatibility.h */,
			);
			name = Macros;
			path = ../../Macros;
			sourceTree = "<group>";
		};
		ADAF15891623394500EA4602 = {
			isa = PBXGroup;
			children = (
				ADAF159B1623394500EA4602 /* DPPConnectedApp */,
				ADAF15981623394500EA4602 /* Frameworks */,
			);
			sourceTree = "<group>";
		};
		ADAF15981623394500EA4602 /* Frameworks */ = {
			isa = PBXGroup;
			children = (
				ADAF15991623394500EA4602 /* Foundation.framework */,
			);
			name = Frameworks;
			sourceTree = "<group>";
		};
		ADAF159B1623394500EA4602 /* DPPConnectedApp */ = {
			isa = PBXGroup;
			children = (
				ADCDA60B1730F81C0055D5E3 /* Views */,
				AD6FE5231623412200202904 /* Macros */,
				ADAF15D41623399600EA4602 /* CoreData */,
				ADAF15A71623396600EA4602 /* Comms */,
				ADAF159C1623394500EA4602 /* Supporting Files */,
			);
			path = DPPConnectedApp;
			sourceTree = "<group>";
		};
		ADAF159C1623394500EA4602 /* Supporting Files */ = {
			isa = PBXGroup;
			children = (
				ADD68A23172A8ABF00562481 /* WeakReference.h */,
				ADD68A24172A8ABF00562481 /* WeakReference.m */,
				ADAF159D1623394500EA4602 /* DPPConnectedApp-Info.plist */,
				ADAF159E1623394500EA4602 /* InfoPlist.strings */,
				ADAF15A11623394500EA4602 /* DPPConnectedApp-Prefix.pch */,
			);
			name = "Supporting Files";
			sourceTree = "<group>";
		};
		ADAF15A71623396600EA4602 /* Comms */ = {
			isa = PBXGroup;
			children = (
				ADAF15A81623396600EA4602 /* Base64Lookup.h */,
				ADAF15AC1623396600EA4602 /* DPPHTTPRequest.h */,
				ADAF15AD1623396600EA4602 /* DPPHTTPRequest.m */,
				ADAF15AE1623396600EA4602 /* DPPHTTPResponse+jsonResponse.h */,
				ADAF15AF1623396600EA4602 /* DPPHTTPResponse+jsonResponse.m */,
				ADAF15B01623396600EA4602 /* DPPHTTPResponse.h */,
				ADAF15B11623396600EA4602 /* DPPHTTPResponse.m */,
				ADAF15B21623396600EA4602 /* DPPStreamBuffer.h */,
				ADAF15B31623396600EA4602 /* DPPStreamBuffer.m */,
				ADAF15B61623396600EA4602 /* NSData+Base64.h */,
				ADAF15B71623396600EA4602 /* NSData+Base64.m */,
				ADAF15B81623396600EA4602 /* NSDate+RFC822Format.h */,
				ADAF15B91623396600EA4602 /* NSDate+RFC822Format.m */,
				ADAF15BA1623396600EA4602 /* NSString+Base64.h */,
				ADAF15BB1623396600EA4602 /* NSString+Base64.m */,
				ADAF15BC1623396600EA4602 /* NSString+URLEncoding.h */,
				ADAF15BD1623396600EA4602 /* NSString+URLEncoding.m */,
			);
			name = Comms;
			path = ../../Comms;
			sourceTree = "<group>";
		};
		ADAF15D41623399600EA4602 /* CoreData */ = {
			isa = PBXGroup;
			children = (
				ADAF15D51623399600EA4602 /* DPPApplicationModel.h */,
				ADAF15D61623399600EA4602 /* DPPApplicationModel.m */,
				ADD68A27172A8CE800562481 /* DPPManagedObjectJSONMapper.h */,
				ADD68A28172A8CE800562481 /* DPPManagedObjectJSONMapper.m */,
			);
			name = CoreData;
			path = ../../CoreData;
			sourceTree = "<group>";
		};
		ADCDA60B1730F81C0055D5E3 /* Views */ = {
			isa = PBXGroup;
			children = (
				ADCDA60C1730F86C0055D5E3 /* DPPUIViewCamera3D.h */,
				ADCDA60D1730F86C0055D5E3 /* DPPUIViewCamera3D.m */,
				ADCDA610173104390055D5E3 /* DPPUIViewWorld3D.h */,
				ADCDA611173104390055D5E3 /* DPPUIViewWorld3D.m */,
				ADCDA614173107E30055D5E3 /* DPPQuadTree3D.h */,
				ADCDA615173107E30055D5E3 /* DPPQuadTree3D.m */,
				ADCDA6181731082B0055D5E3 /* DPP3D.h */,
			);
			name = Views;
			sourceTree = "<group>";
		};
/* End PBXGroup section */

/* Begin PBXHeadersBuildPhase section */
		ADAF15931623394500EA4602 /* Headers */ = {
			isa = PBXHeadersBuildPhase;
			buildActionMask = 2147483647;
			files = (
				ADAF15BE1623396600EA4602 /* Base64Lookup.h in Headers */,
				ADAF15C21623396600EA4602 /* DPPHTTPRequest.h in Headers */,
				ADAF15C41623396600EA4602 /* DPPHTTPResponse+jsonResponse.h in Headers */,
				ADAF15C61623396600EA4602 /* DPPHTTPResponse.h in Headers */,
				ADAF15C81623396600EA4602 /* DPPStreamBuffer.h in Headers */,
				ADAF15CC1623396600EA4602 /* NSData+Base64.h in Headers */,
				ADAF15CE1623396600EA4602 /* NSDate+RFC822Format.h in Headers */,
				ADAF15D01623396600EA4602 /* NSString+Base64.h in Headers */,
				ADAF15D21623396600EA4602 /* NSString+URLEncoding.h in Headers */,
				ADAF15D71623399600EA4602 /* DPPApplicationModel.h in Headers */,
				AD6FE5251623412200202904 /* DPPARCCompatibility.h in Headers */,
				ADD68A25172A8ABF00562481 /* WeakReference.h in Headers */,
				ADD68A29172A8CE800562481 /* DPPManagedObjectJSONMapper.h in Headers */,
				ADCDA60E1730F86C0055D5E3 /* DPPUIViewCamera3D.h in Headers */,
				ADCDA612173104390055D5E3 /* DPPUIViewWorld3D.h in Headers */,
				ADCDA616173107E30055D5E3 /* DPPQuadTree3D.h in Headers */,
				ADCDA6191731082B0055D5E3 /* DPP3D.h in Headers */,
			);
			runOnlyForDeploymentPostprocessing = 0;
		};
/* End PBXHeadersBuildPhase section */

/* Begin PBXNativeTarget section */
		ADAF15971623394500EA4602 /* DPPConnectedApp */ = {
			isa = PBXNativeTarget;
			buildConfigurationList = ADAF15A41623394500EA4602 /* Build configuration list for PBXNativeTarget "DPPConnectedApp" */;
			buildPhases = (
				ADAF15901623394500EA4602 /* ShellScript */,
				ADAF15911623394500EA4602 /* Sources */,
				ADAF15921623394500EA4602 /* Frameworks */,
				ADAF15931623394500EA4602 /* Headers */,
				ADAF15941623394500EA4602 /* Resources */,
				ADAF15951623394500EA4602 /* ShellScript */,
				ADAF15961623394500EA4602 /* ShellScript */,
			);
			buildRules = (
			);
			dependencies = (
			);
			name = DPPConnectedApp;
			productName = DPPConnectedApp;
			productType = "com.apple.product-type.framework.static";
		};
/* End PBXNativeTarget section */

/* Begin PBXProject section */
		ADAF158B1623394500EA4602 /* Project object */ = {
			isa = PBXProject;
			attributes = {
				LastUpgradeCheck = 0450;
				ORGANIZATIONNAME = DepthPerPixel;
			};
			buildConfigurationList = ADAF158E1623394500EA4602 /* Build configuration list for PBXProject "DPPConnectedApp" */;
			compatibilityVersion = "Xcode 3.2";
			developmentRegion = English;
			hasScannedForEncodings = 0;
			knownRegions = (
				en,
			);
			mainGroup = ADAF15891623394500EA4602;
			projectDirPath = "";
			projectRoot = "";
			targets = (
				ADAF15971623394500EA4602 /* DPPConnectedApp */,
			);
		};
/* End PBXProject section */

/* Begin PBXResourcesBuildPhase section */
		ADAF15941623394500EA4602 /* Resources */ = {
			isa = PBXResourcesBuildPhase;
			buildActionMask = 2147483647;
			files = (
				ADAF15A01623394500EA4602 /* InfoPlist.strings in Resources */,
			);
			runOnlyForDeploymentPostprocessing = 0;
		};
/* End PBXResourcesBuildPhase section */

/* Begin PBXShellScriptBuildPhase section */
		ADAF15901623394500EA4602 /* ShellScript */ = {
			isa = PBXShellScriptBuildPhase;
			buildActionMask = 2147483647;
			files = (
			);
			inputPaths = (
			);
			outputPaths = (
			);
			runOnlyForDeploymentPostprocessing = 0;
			shellPath = /bin/sh;
			shellScript = "set -e\n\nset +u\nif [[ $UFW_MASTER_SCRIPT_RUNNING ]]\nthen\n    # Nothing for the slave script to do\n    exit 0\nfi\nset -u\n\nif [[ \"$SDK_NAME\" =~ ([A-Za-z]+) ]]\nthen\n    UFW_SDK_PLATFORM=${BASH_REMATCH[1]}\nelse\n    echo \"Could not find platform name from SDK_NAME: $SDK_NAME\"\n    exit 1\nfi\n\nif [[ \"$SDK_NAME\" =~ ([0-9]+.*$) ]]\nthen\n\tUFW_SDK_VERSION=${BASH_REMATCH[1]}\nelse\n    echo \"Could not find sdk version  from SDK_NAME: $SDK_NAME\"\n    exit 1\nfi\n\nif [[ \"$UFW_SDK_PLATFORM\" = \"iphoneos\" ]]\nthen\n    UFW_OTHER_PLATFORM=iphonesimulator\nelse\n    UFW_OTHER_PLATFORM=iphoneos\nfi\n\nif [[ \"$BUILT_PRODUCTS_DIR\" =~ (.*)$UFW_SDK_PLATFORM$ ]]\nthen\n    UFW_OTHER_BUILT_PRODUCTS_DIR=\"${BASH_REMATCH[1]}${UFW_OTHER_PLATFORM}\"\nelse\n    echo \"Could not find $UFW_SDK_PLATFORM in $BUILT_PRODUCTS_DIR\"\n    exit 1\nfi\n\nONLY_ACTIVE_PLATFORM=${ONLY_ACTIVE_PLATFORM:-$ONLY_ACTIVE_ARCH}\n\n# Short-circuit if all binaries are up to date\n\nif [[ -f \"${BUILT_PRODUCTS_DIR}/${EXECUTABLE_PATH}\" ]] && \\\n   [[ -f \"${BUILT_PRODUCTS_DIR}/${PRODUCT_NAME}.embeddedframework/${EXECUTABLE_PATH}\" ]] && \\\n   [[ ! \"${BUILT_PRODUCTS_DIR}/${EXECUTABLE_PATH}\" -nt \"${BUILT_PRODUCTS_DIR}/${PRODUCT_NAME}.embeddedframework/${EXECUTABLE_PATH}\" ]] && \\\n  ([[ \"${ONLY_ACTIVE_PLATFORM}\" == \"YES\" ]] || \\\n    ([[ -f \"${UFW_OTHER_BUILT_PRODUCTS_DIR}/${EXECUTABLE_PATH}\" ]] && \\\n     [[ -f \"${UFW_OTHER_BUILT_PRODUCTS_DIR}/${PRODUCT_NAME}.embeddedframework/${EXECUTABLE_PATH}\" ]] && \\\n     [[ ! \"${UFW_OTHER_BUILT_PRODUCTS_DIR}/${EXECUTABLE_PATH}\" -nt \"${UFW_OTHER_BUILT_PRODUCTS_DIR}/${PRODUCT_NAME}.embeddedframework/${EXECUTABLE_PATH}\" ]]\n    )\n  )\nthen\n    exit 0\nfi\n\n\n# Clean other platform if needed\n\nif [[ ! -f \"${BUILT_PRODUCTS_DIR}/${EXECUTABLE_PATH}\" ]] && [[ \"${ONLY_ACTIVE_PLATFORM}\" != \"YES\" ]]\nthen\n\techo \"Platform \\\"$UFW_SDK_PLATFORM\\\" was cleaned recently. Cleaning \\\"$UFW_OTHER_PLATFORM\\\" as well\"\n\techo xcodebuild -project \"${PROJECT_FILE_PATH}\" -target \"${TARGET_NAME}\" -configuration \"${CONFIGURATION}\" -sdk ${UFW_OTHER_PLATFORM}${UFW_SDK_VERSION} BUILD_DIR=\"${BUILD_DIR}\" CONFIGURATION_TEMP_DIR=\"${PROJECT_TEMP_DIR}/${CONFIGURATION}-${UFW_OTHER_PLATFORM}\" clean\n\txcodebuild -project \"${PROJECT_FILE_PATH}\" -target \"${TARGET_NAME}\" -configuration \"${CONFIGURATION}\" -sdk ${UFW_OTHER_PLATFORM}${UFW_SDK_VERSION} BUILD_DIR=\"${BUILD_DIR}\" CONFIGURATION_TEMP_DIR=\"${PROJECT_TEMP_DIR}/${CONFIGURATION}-${UFW_OTHER_PLATFORM}\" clean\nfi\n\n\n# Make sure we are building from fresh binaries\n\nrm -rf \"${BUILT_PRODUCTS_DIR}/${EXECUTABLE_PATH}\"\nrm -rf \"${BUILT_PRODUCTS_DIR}/${PRODUCT_NAME}.embeddedframework\"\n\nif [[ \"${ONLY_ACTIVE_PLATFORM}\" != \"YES\" ]]\nthen\n    rm -rf \"${UFW_OTHER_BUILT_PRODUCTS_DIR}/${EXECUTABLE_PATH}\"\n    rm -rf \"${UFW_OTHER_BUILT_PRODUCTS_DIR}/${PRODUCT_NAME}.embeddedframework\"\nfi\n";
		};
		ADAF15951623394500EA4602 /* ShellScript */ = {
			isa = PBXShellScriptBuildPhase;
			buildActionMask = 2147483647;
			files = (
			);
			inputPaths = (
			);
			outputPaths = (
			);
			runOnlyForDeploymentPostprocessing = 0;
			shellPath = /bin/sh;
			shellScript = "HEADERS_ROOT=$SRCROOT/$PRODUCT_NAME\nFRAMEWORK_HEADERS_DIR=\"$BUILT_PRODUCTS_DIR/$WRAPPER_NAME/Versions/$FRAMEWORK_VERSION/Headers\"\n\n## only header files expected at this point\nPUBLIC_HEADERS=$(find $FRAMEWORK_HEADERS_DIR/. -not -type d 2> /dev/null | sed -e \"s@.*/@@g\")\n\nFIND_OPTS=\"\"\nfor PUBLIC_HEADER in $PUBLIC_HEADERS; do\n  if [ -n \"$FIND_OPTS\" ]; then\n    FIND_OPTS=\"$FIND_OPTS -o\"\n  fi\n  FIND_OPTS=\"$FIND_OPTS -name '$PUBLIC_HEADER'\"\ndone\n\nif [ -n \"$FIND_OPTS\" ]; then\n  for ORIG_HEADER in $(eval \"find $HEADERS_ROOT/. $FIND_OPTS\" 2> /dev/null | sed -e \"s@^$HEADERS_ROOT/./@@g\"); do\n    PUBLIC_HEADER=$(basename $ORIG_HEADER)\n    RELATIVE_PATH=$(dirname $ORIG_HEADER)\n    if [ -e $FRAMEWORK_HEADERS_DIR/$PUBLIC_HEADER ]; then\n      mkdir -p \"$FRAMEWORK_HEADERS_DIR/$RELATIVE_PATH\"\n      mv \"$FRAMEWORK_HEADERS_DIR/$PUBLIC_HEADER\" \"$FRAMEWORK_HEADERS_DIR/$RELATIVE_PATH/$PUBLIC_HEADER\"\n    fi\n  done\nfi\n";
		};
		ADAF15961623394500EA4602 /* ShellScript */ = {
			isa = PBXShellScriptBuildPhase;
			buildActionMask = 2147483647;
			files = (
			);
			inputPaths = (
			);
			outputPaths = (
			);
			runOnlyForDeploymentPostprocessing = 0;
			shellPath = /bin/sh;
			shellScript = "set -e\n\nset +u\nif [[ $UFW_MASTER_SCRIPT_RUNNING ]]\nthen\n    # Nothing for the slave script to do\n    exit 0\nfi\nset -u\nexport UFW_MASTER_SCRIPT_RUNNING=1\n\n\n# Functions\n\n## List files in the specified directory, storing to the specified array.\n#\n# @param $1 The path to list\n# @param $2 The name of the array to fill\n#\n##\nlist_files ()\n{\n    filelist=$(ls \"$1\")\n    while read line\n    do\n        eval \"$2[\\${#$2[*]}]=\\\"\\$line\\\"\"\n    done <<< \"$filelist\"\n}\n\n\n# Sanity check\n\nif [[ ! -f \"${BUILT_PRODUCTS_DIR}/${EXECUTABLE_PATH}\" ]]\nthen\n    echo \"Framework target \\\"${TARGET_NAME}\\\" had no source files to build from. Make sure your source files have the correct target membership\"\n    exit 1\nfi\n\n\n# Gather information\n\nif [[ \"$SDK_NAME\" =~ ([A-Za-z]+) ]]\nthen\n    UFW_SDK_PLATFORM=${BASH_REMATCH[1]}\nelse\n    echo \"Could not find platform name from SDK_NAME: $SDK_NAME\"\n    exit 1\nfi\n\nif [[ \"$SDK_NAME\" =~ ([0-9]+.*$) ]]\nthen\n    UFW_SDK_VERSION=${BASH_REMATCH[1]}\nelse\n    echo \"Could not find sdk version from SDK_NAME: $SDK_NAME\"\n    exit 1\nfi\n\nif [[ \"$UFW_SDK_PLATFORM\" = \"iphoneos\" ]]\nthen\n    UFW_OTHER_PLATFORM=iphonesimulator\nelse\n    UFW_OTHER_PLATFORM=iphoneos\nfi\n\nif [[ \"$BUILT_PRODUCTS_DIR\" =~ (.*)$UFW_SDK_PLATFORM$ ]]\nthen\n    UFW_OTHER_BUILT_PRODUCTS_DIR=\"${BASH_REMATCH[1]}${UFW_OTHER_PLATFORM}\"\nelse\n    echo \"Could not find $UFW_SDK_PLATFORM in $BUILT_PRODUCTS_DIR\"\n    exit 1\nfi\n\nONLY_ACTIVE_PLATFORM=${ONLY_ACTIVE_PLATFORM:-$ONLY_ACTIVE_ARCH}\n\n# Short-circuit if all binaries are up to date.\n# We already checked the other platform in the prerun script.\n\nif [[ -f \"${BUILT_PRODUCTS_DIR}/${EXECUTABLE_PATH}\" ]] && [[ -f \"${BUILT_PRODUCTS_DIR}/${PRODUCT_NAME}.embeddedframework/${EXECUTABLE_PATH}\" ]] && [[ ! \"${BUILT_PRODUCTS_DIR}/${EXECUTABLE_PATH}\" -nt \"${BUILT_PRODUCTS_DIR}/${PRODUCT_NAME}.embeddedframework/${EXECUTABLE_PATH}\" ]]\nthen\n    exit 0\nfi\n\nif [ \"${ONLY_ACTIVE_PLATFORM}\" == \"YES\" ]\nthen\n    echo \"ONLY_ACTIVE_PLATFORM=${ONLY_ACTIVE_PLATFORM}: Skipping other platform build\"\nelse\n    # Make sure the other platform gets built\n    \n    echo \"Build other platform\"\n    \n    echo xcodebuild -project \"${PROJECT_FILE_PATH}\" -target \"${TARGET_NAME}\" -configuration \"${CONFIGURATION}\" -sdk ${UFW_OTHER_PLATFORM}${UFW_SDK_VERSION} BUILD_DIR=\"${BUILD_DIR}\" CONFIGURATION_TEMP_DIR=\"${PROJECT_TEMP_DIR}/${CONFIGURATION}-${UFW_OTHER_PLATFORM}\" $ACTION\n    xcodebuild -project \"${PROJECT_FILE_PATH}\" -target \"${TARGET_NAME}\" -configuration \"${CONFIGURATION}\" -sdk ${UFW_OTHER_PLATFORM}${UFW_SDK_VERSION} BUILD_DIR=\"${BUILD_DIR}\" CONFIGURATION_TEMP_DIR=\"${PROJECT_TEMP_DIR}/${CONFIGURATION}-${UFW_OTHER_PLATFORM}\" $ACTION\n    \n    \n    # Build the fat static library binary\n    \n    echo \"Create universal static library\"\n    \n    echo \"$PLATFORM_DEVELOPER_BIN_DIR/libtool\" -static \"${BUILT_PRODUCTS_DIR}/${EXECUTABLE_PATH}\" \"${UFW_OTHER_BUILT_PRODUCTS_DIR}/${EXECUTABLE_PATH}\" -o \"${BUILT_PRODUCTS_DIR}/${EXECUTABLE_PATH}.temp\"\n    \"$PLATFORM_DEVELOPER_BIN_DIR/libtool\" -static \"${BUILT_PRODUCTS_DIR}/${EXECUTABLE_PATH}\" \"${UFW_OTHER_BUILT_PRODUCTS_DIR}/${EXECUTABLE_PATH}\" -o \"${BUILT_PRODUCTS_DIR}/${EXECUTABLE_PATH}.temp\"\n    \n    echo mv \"${BUILT_PRODUCTS_DIR}/${EXECUTABLE_PATH}.temp\" \"${BUILT_PRODUCTS_DIR}/${EXECUTABLE_PATH}\"\n    mv \"${BUILT_PRODUCTS_DIR}/${EXECUTABLE_PATH}.temp\" \"${BUILT_PRODUCTS_DIR}/${EXECUTABLE_PATH}\"\nfi\n\n# Build embedded framework structure\n\necho \"Build Embedded Framework\"\n\necho rm -rf \"${BUILT_PRODUCTS_DIR}/${PRODUCT_NAME}.embeddedframework\"\nrm -rf \"${BUILT_PRODUCTS_DIR}/${PRODUCT_NAME}.embeddedframework\"\necho mkdir -p \"${BUILT_PRODUCTS_DIR}/${PRODUCT_NAME}.embeddedframework/Resources\"\nmkdir -p \"${BUILT_PRODUCTS_DIR}/${PRODUCT_NAME}.embeddedframework/Resources\"\necho cp -a \"${BUILT_PRODUCTS_DIR}/${WRAPPER_NAME}\" \"${BUILT_PRODUCTS_DIR}/${PRODUCT_NAME}.embeddedframework/\"\ncp -a \"${BUILT_PRODUCTS_DIR}/${WRAPPER_NAME}\" \"${BUILT_PRODUCTS_DIR}/${PRODUCT_NAME}.embeddedframework/\"\n\ndeclare -a UFW_FILE_LIST\nlist_files \"${BUILT_PRODUCTS_DIR}/${UNLOCALIZED_RESOURCES_FOLDER_PATH}\" UFW_FILE_LIST\nfor filename in \"${UFW_FILE_LIST[@]}\"\ndo\n    if [[ \"${filename}\" != \"Info.plist\" ]] && [[ ! \"${filename}\" =~ .*\\.lproj$ ]]\n    then\n        echo ln -sfh \"../${WRAPPER_NAME}/Resources/${filename}\" \"${BUILT_PRODUCTS_DIR}/${PRODUCT_NAME}.embeddedframework/Resources/${filename}\"\n        ln -sfh \"../${WRAPPER_NAME}/Resources/${filename}\" \"${BUILT_PRODUCTS_DIR}/${PRODUCT_NAME}.embeddedframework/Resources/${filename}\"\n    fi\ndone\n\n\nif [ \"${ONLY_ACTIVE_PLATFORM}\" != \"YES\" ]\nthen\n    # Replace other platform's framework with a copy of this one (so that both have the same universal binary)\n    \n    echo \"Copy from $UFW_SDK_PLATFORM to $UFW_OTHER_PLATFORM\"\n    \n    echo rm -rf \"${BUILD_DIR}/${CONFIGURATION}-${UFW_OTHER_PLATFORM}\"\n    rm -rf \"${BUILD_DIR}/${CONFIGURATION}-${UFW_OTHER_PLATFORM}\"\n    echo cp -a \"${BUILD_DIR}/${CONFIGURATION}-${UFW_SDK_PLATFORM}\" \"${BUILD_DIR}/${CONFIGURATION}-${UFW_OTHER_PLATFORM}\"\n    cp -a \"${BUILD_DIR}/${CONFIGURATION}-${UFW_SDK_PLATFORM}\" \"${BUILD_DIR}/${CONFIGURATION}-${UFW_OTHER_PLATFORM}\"\nfi\n";
		};
/* End PBXShellScriptBuildPhase section */

/* Begin PBXSourcesBuildPhase section */
		ADAF15911623394500EA4602 /* Sources */ = {
			isa = PBXSourcesBuildPhase;
			buildActionMask = 2147483647;
			files = (
				ADAF15C31623396600EA4602 /* DPPHTTPRequest.m in Sources */,
				ADAF15C51623396600EA4602 /* DPPHTTPResponse+jsonResponse.m in Sources */,
				ADAF15C71623396600EA4602 /* DPPHTTPResponse.m in Sources */,
				ADAF15C91623396600EA4602 /* DPPStreamBuffer.m in Sources */,
				ADAF15CD1623396600EA4602 /* NSData+Base64.m in Sources */,
				ADAF15CF1623396600EA4602 /* NSDate+RFC822Format.m in Sources */,
				ADAF15D11623396600EA4602 /* NSString+Base64.m in Sources */,
				ADAF15D31623396600EA4602 /* NSString+URLEncoding.m in Sources */,
				ADAF15D81623399600EA4602 /* DPPApplicationModel.m in Sources */,
				ADD68A26172A8ABF00562481 /* WeakReference.m in Sources */,
				ADD68A2A172A8CE800562481 /* DPPManagedObjectJSONMapper.m in Sources */,
				ADCDA60F1730F86C0055D5E3 /* DPPUIViewCamera3D.m in Sources */,
				ADCDA613173104390055D5E3 /* DPPUIViewWorld3D.m in Sources */,
				ADCDA617173107E30055D5E3 /* DPPQuadTree3D.m in Sources */,
			);
			runOnlyForDeploymentPostprocessing = 0;
		};
/* End PBXSourcesBuildPhase section */

/* Begin PBXVariantGroup section */
		ADAF159E1623394500EA4602 /* InfoPlist.strings */ = {
			isa = PBXVariantGroup;
			children = (
				ADAF159F1623394500EA4602 /* en */,
			);
			name = InfoPlist.strings;
			sourceTree = "<group>";
		};
/* End PBXVariantGroup section */

/* Begin XCBuildConfiguration section */
		ADAF15A21623394500EA4602 /* Debug */ = {
			isa = XCBuildConfiguration;
			buildSettings = {
				ALWAYS_SEARCH_USER_PATHS = NO;
				CLANG_CXX_LANGUAGE_STANDARD = "gnu++0x";
				CLANG_CXX_LIBRARY = "libc++";
				CLANG_ENABLE_OBJC_ARC = YES;
				CLANG_WARN_EMPTY_BODY = YES;
				CLANG_WARN__DUPLICATE_METHOD_MATCH = YES;
				COPY_PHASE_STRIP = NO;
				GCC_C_LANGUAGE_STANDARD = gnu99;
				GCC_DYNAMIC_NO_PIC = NO;
				GCC_OPTIMIZATION_LEVEL = 0;
				GCC_PREPROCESSOR_DEFINITIONS = (
					"DEBUG=1",
					"$(inherited)",
				);
				GCC_SYMBOLS_PRIVATE_EXTERN = NO;
				GCC_WARN_ABOUT_RETURN_TYPE = YES;
				GCC_WARN_UNINITIALIZED_AUTOS = YES;
				GCC_WARN_UNUSED_VARIABLE = YES;
				IPHONEOS_DEPLOYMENT_TARGET = 6.0;
				ONLY_ACTIVE_ARCH = YES;
				SDKROOT = iphoneos;
			};
			name = Debug;
		};
		ADAF15A31623394500EA4602 /* Release */ = {
			isa = XCBuildConfiguration;
			buildSettings = {
				ALWAYS_SEARCH_USER_PATHS = NO;
				CLANG_CXX_LANGUAGE_STANDARD = "gnu++0x";
				CLANG_CXX_LIBRARY = "libc++";
				CLANG_ENABLE_OBJC_ARC = YES;
				CLANG_WARN_EMPTY_BODY = YES;
				CLANG_WARN__DUPLICATE_METHOD_MATCH = YES;
				COPY_PHASE_STRIP = YES;
				GCC_C_LANGUAGE_STANDARD = gnu99;
				GCC_WARN_ABOUT_RETURN_TYPE = YES;
				GCC_WARN_UNINITIALIZED_AUTOS = YES;
				GCC_WARN_UNUSED_VARIABLE = YES;
				IPHONEOS_DEPLOYMENT_TARGET = 6.0;
				SDKROOT = iphoneos;
				VALIDATE_PRODUCT = YES;
			};
			name = Release;
		};
		ADAF15A51623394500EA4602 /* Debug */ = {
			isa = XCBuildConfiguration;
			buildSettings = {
				ARCHS = (
					armv6,
					"$(ARCHS_STANDARD_32_BIT)",
				);
				DYLIB_COMPATIBILITY_VERSION = 1;
				DYLIB_CURRENT_VERSION = 1;
				FRAMEWORK_VERSION = A;
				GCC_PRECOMPILE_PREFIX_HEADER = YES;
				GCC_PREFIX_HEADER = "DPPConnectedApp/DPPConnectedApp-Prefix.pch";
				INFOPLIST_FILE = "DPPConnectedApp/DPPConnectedApp-Info.plist";
				PRODUCT_NAME = "$(TARGET_NAME)";
				SKIP_INSTALL = YES;
				WRAPPER_EXTENSION = framework;
			};
			name = Debug;
		};
		ADAF15A61623394500EA4602 /* Release */ = {
			isa = XCBuildConfiguration;
			buildSettings = {
				ARCHS = (
					armv6,
					"$(ARCHS_STANDARD_32_BIT)",
				);
				DYLIB_COMPATIBILITY_VERSION = 1;
				DYLIB_CURRENT_VERSION = 1;
				FRAMEWORK_VERSION = A;
				GCC_PRECOMPILE_PREFIX_HEADER = YES;
				GCC_PREFIX_HEADER = "DPPConnectedApp/DPPConnectedApp-Prefix.pch";
				INFOPLIST_FILE = "DPPConnectedApp/DPPConnectedApp-Info.plist";
				PRODUCT_NAME = "$(TARGET_NAME)";
				SKIP_INSTALL = YES;
				WRAPPER_EXTENSION = framework;
			};
			name = Release;
		};
/* End XCBuildConfiguration section */

/* Begin XCConfigurationList section */
		ADAF158E1623394500EA4602 /* Build configuration list for PBXProject "DPPConnectedApp" */ = {
			isa = XCConfigurationList;
			buildConfigurations = (
				ADAF15A21623394500EA4602 /* Debug */,
				ADAF15A31623394500EA4602 /* Release */,
			);
			defaultConfigurationIsVisible = 0;
			defaultConfigurationName = Release;
		};
		ADAF15A41623394500EA4602 /* Build configuration list for PBXNativeTarget "DPPConnectedApp" */ = {
			isa = XCConfigurationList;
			buildConfigurations = (
				ADAF15A51623394500EA4602 /* Debug */,
				ADAF15A61623394500EA4602 /* Release */,
			);
			defaultConfigurationIsVisible = 0;
			defaultConfigurationName = Release;
		};
/* End XCConfigurationList section */
	};
	rootObject = ADAF158B1623394500EA4602 /* Project object */;
}
